{
  "version": "5",
  "specifiers": {
    "npm:@ark/util@0.56": "0.56.0",
    "npm:@durable-streams/client@*": "0.2.1",
    "npm:@durable-streams/server@*": "0.2.1",
    "npm:@standard-schema/spec@1": "1.1.0",
    "npm:arktype@^2.1.27": "2.1.29",
    "npm:h3@2.0.1-rc.14": "2.0.1-rc.14",
    "npm:immutable@5": "5.1.4",
    "npm:parse-sse@0.1": "0.1.0",
    "npm:remeda@2": "2.33.6"
  },
  "npm": {
    "@ark/schema@0.56.0": {
      "integrity": "sha512-ECg3hox/6Z/nLajxXqNhgPtNdHWC9zNsDyskwO28WinoFEnWow4IsERNz9AnXRhTZJnYIlAJ4uGn3nlLk65vZA==",
      "dependencies": [
        "@ark/util"
      ]
    },
    "@ark/util@0.56.0": {
      "integrity": "sha512-BghfRC8b9pNs3vBoDJhcta0/c1J1rsoS1+HgVUreMFPdhz/CRAKReAu57YEllNaSy98rWAdY1gE+gFup7OXpgA=="
    },
    "@durable-streams/client@0.2.1": {
      "integrity": "sha512-+mGdK6TuDR9fJPo8jw6DufPfoUv6g+27xoPES76GXQc6y3val9Oe/SK2o2FV9sqqLSE19HEUSxTp0D6CZebfZw==",
      "dependencies": [
        "@microsoft/fetch-event-source",
        "fastq"
      ]
    },
    "@durable-streams/server@0.2.1": {
      "integrity": "sha512-34Ss6CJIJJk0i8Leo9hhNqfbiAAfthSBWiYb13wYu4Wn72vJHorrCKH5Qr0stzZR7jp+fjdbZEnim4lExxEOjg==",
      "dependencies": [
        "@durable-streams/client",
        "@durable-streams/state",
        "@neophi/sieve-cache",
        "lmdb"
      ]
    },
    "@durable-streams/state@0.2.1_@tanstack+db@0.5.29__typescript@5.9.3": {
      "integrity": "sha512-8piCcw/y1Jz6QJn0vOf+yhovFlp3xvRbzWRWtF51ndlorofJi3pOfCXnEINuvSueuNMIJosmKOg0AEvpMKfoCw==",
      "dependencies": [
        "@durable-streams/client",
        "@standard-schema/spec",
        "@tanstack/db"
      ]
    },
    "@harperfast/extended-iterable@1.0.3": {
      "integrity": "sha512-sSAYhQca3rDWtQUHSAPeO7axFIUJOI6hn1gjRC5APVE1a90tuyT8f5WIgRsFhhWA7htNkju2veB9eWL6YHi/Lw=="
    },
    "@lmdb/lmdb-darwin-arm64@3.5.1": {
      "integrity": "sha512-tpfN4kKrrMpQ+If1l8bhmoNkECJi0iOu6AEdrTJvWVC+32sLxTARX5Rsu579mPImRP9YFWfWgeRQ5oav7zApQQ==",
      "os": ["darwin"],
      "cpu": ["arm64"]
    },
    "@lmdb/lmdb-darwin-x64@3.5.1": {
      "integrity": "sha512-+a2tTfc3rmWhLAolFUWRgJtpSuu+Fw/yjn4rF406NMxhfjbMuiOUTDRvRlMFV+DzyjkwnokisskHbCWkS3Ly5w==",
      "os": ["darwin"],
      "cpu": ["x64"]
    },
    "@lmdb/lmdb-linux-arm64@3.5.1": {
      "integrity": "sha512-aoERa5B6ywXdyFeYGQ1gbQpkMkDbEo45qVoXE5QpIRavqjnyPwjOulMkmkypkmsbJ5z4Wi0TBztON8agCTG0Vg==",
      "os": ["linux"],
      "cpu": ["arm64"]
    },
    "@lmdb/lmdb-linux-arm@3.5.1": {
      "integrity": "sha512-0EgcE6reYr8InjD7V37EgXcYrloqpxVPINy3ig1MwDSbl6LF/vXTYRH9OE1Ti1D8YZnB35ZH9aTcdfSb5lql2A==",
      "os": ["linux"],
      "cpu": ["arm"]
    },
    "@lmdb/lmdb-linux-x64@3.5.1": {
      "integrity": "sha512-SqNDY1+vpji7bh0sFH5wlWyFTOzjbDOl0/kB5RLLYDAFyd/uw3n7wyrmas3rYPpAW7z18lMOi1yKlTPv967E3g==",
      "os": ["linux"],
      "cpu": ["x64"]
    },
    "@lmdb/lmdb-win32-arm64@3.5.1": {
      "integrity": "sha512-50v0O1Lt37cwrmR9vWZK5hRW0Aw+KEmxJJ75fge/zIYdvNKB/0bSMSVR5Uc2OV9JhosIUyklOmrEvavwNJ8D6w==",
      "os": ["win32"],
      "cpu": ["arm64"]
    },
    "@lmdb/lmdb-win32-x64@3.5.1": {
      "integrity": "sha512-qwosvPyl+zpUlp3gRb7UcJ3H8S28XHCzkv0Y0EgQToXjQP91ZD67EHSCDmaLjtKhe+GVIW5om1KUpzVLA0l6pg==",
      "os": ["win32"],
      "cpu": ["x64"]
    },
    "@microsoft/fetch-event-source@2.0.1": {
      "integrity": "sha512-W6CLUJ2eBMw3Rec70qrsEW0jOm/3twwJv21mrmj2yORiaVmVYGS4sSS5yUwvQc1ZlDLYGPnClVWmUUMagKNsfA=="
    },
    "@msgpackr-extract/msgpackr-extract-darwin-arm64@3.0.3": {
      "integrity": "sha512-QZHtlVgbAdy2zAqNA9Gu1UpIuI8Xvsd1v8ic6B2pZmeFnFcMWiPLfWXh7TVw4eGEZ/C9TH281KwhVoeQUKbyjw==",
      "os": ["darwin"],
      "cpu": ["arm64"]
    },
    "@msgpackr-extract/msgpackr-extract-darwin-x64@3.0.3": {
      "integrity": "sha512-mdzd3AVzYKuUmiWOQ8GNhl64/IoFGol569zNRdkLReh6LRLHOXxU4U8eq0JwaD8iFHdVGqSy4IjFL4reoWCDFw==",
      "os": ["darwin"],
      "cpu": ["x64"]
    },
    "@msgpackr-extract/msgpackr-extract-linux-arm64@3.0.3": {
      "integrity": "sha512-YxQL+ax0XqBJDZiKimS2XQaf+2wDGVa1enVRGzEvLLVFeqa5kx2bWbtcSXgsxjQB7nRqqIGFIcLteF/sHeVtQg==",
      "os": ["linux"],
      "cpu": ["arm64"]
    },
    "@msgpackr-extract/msgpackr-extract-linux-arm@3.0.3": {
      "integrity": "sha512-fg0uy/dG/nZEXfYilKoRe7yALaNmHoYeIoJuJ7KJ+YyU2bvY8vPv27f7UKhGRpY6euFYqEVhxCFZgAUNQBM3nw==",
      "os": ["linux"],
      "cpu": ["arm"]
    },
    "@msgpackr-extract/msgpackr-extract-linux-x64@3.0.3": {
      "integrity": "sha512-cvwNfbP07pKUfq1uH+S6KJ7dT9K8WOE4ZiAcsrSes+UY55E/0jLYc+vq+DO7jlmqRb5zAggExKm0H7O/CBaesg==",
      "os": ["linux"],
      "cpu": ["x64"]
    },
    "@msgpackr-extract/msgpackr-extract-win32-x64@3.0.3": {
      "integrity": "sha512-x0fWaQtYp4E6sktbsdAqnehxDgEc/VwM7uLsRCYWaiGu0ykYdZPiS8zCWdnjHwyiumousxfBm4SO31eXqwEZhQ==",
      "os": ["win32"],
      "cpu": ["x64"]
    },
    "@neophi/sieve-cache@1.5.0": {
      "integrity": "sha512-9T3nD5q51X1d4QYW6vouKW9hBSb2Tb/wB/2XoTr4oP5SCGtp3a7aTHHewQFylred1B21/Bhev6gy4x01FPBcbQ=="
    },
    "@standard-schema/spec@1.1.0": {
      "integrity": "sha512-l2aFy5jALhniG5HgqrD6jXLi/rUWrKvqN/qJx6yoJsgKhblVd+iqqU4RCXavm/jPityDo5TCvKMnpjKnOriy0w=="
    },
    "@tanstack/db-ivm@0.1.17_typescript@5.9.3": {
      "integrity": "sha512-DK7vm56CDxNuRAdsbiPs+gITJ+16tUtYgZg3BRTLYKGIDsy8sdIO7sQFq5zl7Y+aIKAPmMAbVp9UjJ75FTtwgQ==",
      "dependencies": [
        "fractional-indexing",
        "sorted-btree",
        "typescript"
      ]
    },
    "@tanstack/db@0.5.29_typescript@5.9.3": {
      "integrity": "sha512-8RjDys2mGeKiJGF0/l4Qvu1Y1SLNuvqJy89gaJhPOlfoGibb+IlHg+j0z4TtR15OP4F12RltOVnMjihMnq4g1w==",
      "dependencies": [
        "@standard-schema/spec",
        "@tanstack/db-ivm",
        "@tanstack/pacer-lite",
        "typescript"
      ]
    },
    "@tanstack/pacer-lite@0.2.1": {
      "integrity": "sha512-3PouiFjR4B6x1c969/Pl4ZIJleof1M0n6fNX8NRiC9Sqv1g06CVDlEaXUR4212ycGFyfq4q+t8Gi37Xy+z34iQ=="
    },
    "arkregex@0.0.5": {
      "integrity": "sha512-ncYjBdLlh5/QnVsAA8De16Tc9EqmYM7y/WU9j+236KcyYNUXogpz3sC4ATIZYzzLxwI+0sEOaQLEmLmRleaEXw==",
      "dependencies": [
        "@ark/util"
      ]
    },
    "arktype@2.1.29": {
      "integrity": "sha512-jyfKk4xIOzvYNayqnD8ZJQqOwcrTOUbIU4293yrzAjA3O1dWh61j71ArMQ6tS/u4pD7vabSPe7nG3RCyoXW6RQ==",
      "dependencies": [
        "@ark/schema",
        "@ark/util",
        "arkregex"
      ]
    },
    "detect-libc@2.1.2": {
      "integrity": "sha512-Btj2BOOO83o3WyH59e8MgXsxEQVcarkUOpEYrubB0urwnN10yQ364rsiByU11nZlqWYZm05i/of7io4mzihBtQ=="
    },
    "fastq@1.19.1": {
      "integrity": "sha512-GwLTyxkCXjXbxqIhTsMI2Nui8huMPtnxg7krajPJAjnEG/iiOS7i+zCtWGZR9G0NBKbXKh6X9m9UIsYX/N6vvQ==",
      "dependencies": [
        "reusify"
      ]
    },
    "fractional-indexing@3.2.0": {
      "integrity": "sha512-PcOxmqwYCW7O2ovKRU8OoQQj2yqTfEB/yeTYk4gPid6dN5ODRfU1hXd9tTVZzax/0NkO7AxpHykvZnT1aYp/BQ=="
    },
    "h3@2.0.1-rc.14": {
      "integrity": "sha512-163qbGmTr/9rqQRNuqMqtgXnOUAkE4KTdauiC9y0E5iG1I65kte9NyfWvZw5RTDMt6eY+DtyoNzrQ9wA2BfvGQ==",
      "dependencies": [
        "rou3",
        "srvx"
      ],
      "bin": true
    },
    "immutable@5.1.4": {
      "integrity": "sha512-p6u1bG3YSnINT5RQmx/yRZBpenIl30kVxkTLDyHLIMk0gict704Q9n+thfDI7lTRm9vXdDYutVzXhzcThxTnXA=="
    },
    "lmdb@3.5.1": {
      "integrity": "sha512-NYHA0MRPjvNX+vSw8Xxg6FLKxzAG+e7Pt8RqAQA/EehzHVXq9SxDqJIN3JL1hK0dweb884y8kIh6rkWvPyg9Wg==",
      "dependencies": [
        "@harperfast/extended-iterable",
        "msgpackr",
        "node-addon-api",
        "node-gyp-build-optional-packages",
        "ordered-binary",
        "weak-lru-cache"
      ],
      "optionalDependencies": [
        "@lmdb/lmdb-darwin-arm64",
        "@lmdb/lmdb-darwin-x64",
        "@lmdb/lmdb-linux-arm",
        "@lmdb/lmdb-linux-arm64",
        "@lmdb/lmdb-linux-x64",
        "@lmdb/lmdb-win32-arm64",
        "@lmdb/lmdb-win32-x64"
      ],
      "scripts": true,
      "bin": true
    },
    "msgpackr-extract@3.0.3": {
      "integrity": "sha512-P0efT1C9jIdVRefqjzOQ9Xml57zpOXnIuS+csaB4MdZbTdmGDLo8XhzBG1N7aO11gKDDkJvBLULeFTo46wwreA==",
      "dependencies": [
        "node-gyp-build-optional-packages"
      ],
      "optionalDependencies": [
        "@msgpackr-extract/msgpackr-extract-darwin-arm64",
        "@msgpackr-extract/msgpackr-extract-darwin-x64",
        "@msgpackr-extract/msgpackr-extract-linux-arm",
        "@msgpackr-extract/msgpackr-extract-linux-arm64",
        "@msgpackr-extract/msgpackr-extract-linux-x64",
        "@msgpackr-extract/msgpackr-extract-win32-x64"
      ],
      "scripts": true,
      "bin": true
    },
    "msgpackr@1.11.8": {
      "integrity": "sha512-bC4UGzHhVvgDNS7kn9tV8fAucIYUBuGojcaLiz7v+P63Lmtm0Xeji8B/8tYKddALXxJLpwIeBmUN3u64C4YkRA==",
      "optionalDependencies": [
        "msgpackr-extract"
      ]
    },
    "node-addon-api@6.1.0": {
      "integrity": "sha512-+eawOlIgy680F0kBzPUNFhMZGtJ1YmqM6l4+Crf4IkImjYrO/mqPwRMh352g23uIaQKFItcQ64I7KMaJxHgAVA=="
    },
    "node-gyp-build-optional-packages@5.2.2": {
      "integrity": "sha512-s+w+rBWnpTMwSFbaE0UXsRlg7hU4FjekKU4eyAih5T8nJuNZT1nNsskXpxmeqSK9UzkBl6UgRlnKc8hz8IEqOw==",
      "dependencies": [
        "detect-libc"
      ],
      "bin": true
    },
    "ordered-binary@1.6.1": {
      "integrity": "sha512-QkCdPooczexPLiXIrbVOPYkR3VO3T6v2OyKRkR1Xbhpy7/LAVXwahnRCgRp78Oe/Ehf0C/HATAxfSr6eA1oX+w=="
    },
    "parse-sse@0.1.0": {
      "integrity": "sha512-8bObUwtEuLp2Z1gP6iRVMBzmEqaU5ohmofa3WmZVFfFZFKRP/+c03y8NVYzzXmQMotQ6mDS5Mnyk6tT1gKOTcQ=="
    },
    "remeda@2.33.6": {
      "integrity": "sha512-tazDGH7s75kUPGBKLvhgBEHMgW+TdDFhjUAMdQj57IoWz6HsGa5D2RX5yDUz6IIqiRRvZiaEHzCzWdTeixc/Kg=="
    },
    "reusify@1.1.0": {
      "integrity": "sha512-g6QUff04oZpHs0eG5p83rFLhHeV00ug/Yf9nZM6fLeUrPguBTkTQOdpAWWspMh55TZfVQDPaN3NQJfbVRAxdIw=="
    },
    "rou3@0.7.12": {
      "integrity": "sha512-iFE4hLDuloSWcD7mjdCDhx2bKcIsYbtOTpfH5MHHLSKMOUyjqQXTeZVa289uuwEGEKFoE/BAPbhaU4B774nceg=="
    },
    "sorted-btree@1.8.1": {
      "integrity": "sha512-395+XIP+wqNn3USkFSrNz7G3Ss/MXlZEqesxvzCRFwL14h6e8LukDHdLBePn5pwbm5OQ9vGu8mDyz2lLDIqamQ=="
    },
    "srvx@0.11.7": {
      "integrity": "sha512-p9qj9wkv/MqG1VoJpOsqXv1QcaVcYRk7ifsC6i3TEwDXFyugdhJN4J3KzQPZq2IJJ2ZCt7ASOB++85pEK38jRw==",
      "bin": true
    },
    "typescript@5.9.3": {
      "integrity": "sha512-jl1vZzPDinLr9eUt3J/t7V6FgNEw9QjvBPdysz9KfQDD41fQrC2Y4vKQdiaUpFT4bXlb1RHhLpp8wtm6M5TgSw==",
      "bin": true
    },
    "weak-lru-cache@1.2.2": {
      "integrity": "sha512-DEAoo25RfSYMuTGc9vPJzZcZullwIqRDSI9LOy+fkCJPi6hykCnfKaXTuPBDuXAUcqHXyOgFtHNp/kB2FjYHbw=="
    }
  },
  "workspace": {
    "dependencies": [
      "npm:@ark/util@0.56",
      "npm:@durable-streams/client@*",
      "npm:@durable-streams/server@*",
      "npm:@standard-schema/spec@1",
      "npm:arktype@^2.1.27",
      "npm:h3@2.0.1-rc.14",
      "npm:immutable@5",
      "npm:parse-sse@0.1",
      "npm:remeda@2"
    ]
  }
}
