{
  "version": "5",
  "specifiers": {
    "jsr:@effection/effection@^4.0.2": "4.0.2"
  },
  "jsr": {
    "@effection/effection@4.0.2": {
      "integrity": "1a3c7ffb6fa30adfd95ad97c2ed0d17900eddbe3ea00d7e1359c9ae147b8f696"
    }
  },
  "workspace": {
    "dependencies": [
      "jsr:@effection/effection@^4.0.2"
    ]
  }
}
