lockfileVersion: '9.0'

settings:
  autoInstallPeers: true
  excludeLinksFromLockfile: false

importers:

  .:
    dependencies:
      '@durable-streams/client':
        specifier: ^0.2.1
        version: 0.2.1
      '@durable-streams/server':
        specifier: ^0.2.0
        version: 0.2.1(@tanstack/db@0.5.30(typescript@5.9.3))
      '@effectionx/durably':
        specifier: https://pkg.pr.new/thefrontside/effectionx/@effectionx/durably@171
        version: https://pkg.pr.new/thefrontside/effectionx/@effectionx/durably@171(@durable-streams/client@0.2.1)(effection@https://pkg.pr.new/thefrontside/effection@1127)
      '@effectionx/node':
        specifier: ^0.2.2
        version: 0.2.2(effection@https://pkg.pr.new/thefrontside/effection@1127)
      effection:
        specifier: https://pkg.pr.new/thefrontside/effection@1127
        version: https://pkg.pr.new/thefrontside/effection@1127
      json-colorizer:
        specifier: ^3.0.1
        version: 3.0.1
      json-stringify-pretty-compact:
        specifier: ^4.0.0
        version: 4.0.0
    devDependencies:
      '@types/node':
        specifier: ^22
        version: 22.19.13
      tsx:
        specifier: ^4
        version: 4.21.0
      typescript:
        specifier: ^5.7
        version: 5.9.3

packages:

  '@durable-streams/client@0.2.1':
    resolution: {integrity: sha512-+mGdK6TuDR9fJPo8jw6DufPfoUv6g+27xoPES76GXQc6y3val9Oe/SK2o2FV9sqqLSE19HEUSxTp0D6CZebfZw==}
    engines: {node: '>=18.0.0'}

  '@durable-streams/server@0.2.1':
    resolution: {integrity: sha512-34Ss6CJIJJk0i8Leo9hhNqfbiAAfthSBWiYb13wYu4Wn72vJHorrCKH5Qr0stzZR7jp+fjdbZEnim4lExxEOjg==}
    engines: {node: '>=18.0.0'}

  '@durable-streams/state@0.2.1':
    resolution: {integrity: sha512-8piCcw/y1Jz6QJn0vOf+yhovFlp3xvRbzWRWtF51ndlorofJi3pOfCXnEINuvSueuNMIJosmKOg0AEvpMKfoCw==}
    engines: {node: '>=18.0.0'}
    peerDependencies:
      '@tanstack/db': '>=0.5.0'

  '@effectionx/durably@https://pkg.pr.new/thefrontside/effectionx/@effectionx/durably@171':
    resolution: {tarball: https://pkg.pr.new/thefrontside/effectionx/@effectionx/durably@171}
    version: 0.1.0
    engines: {node: '>= 22'}
    peerDependencies:
      '@durable-streams/client': '>=0.1.0'
      effection: ^4
    peerDependenciesMeta:
      '@durable-streams/client':
        optional: true

  '@effectionx/node@0.2.2':
    resolution: {integrity: sha512-bUwnCqzBsVERGzKZRTc6XMZ6yDLkRPgcxSvM6eAkuc2D5A7L0+nSu4J/x60y6geSYrAVv2UZBgAktukNtB6LxA==}
    version: 0.2.2
    engines: {node: '>= 22'}
    peerDependencies:
      effection: ^3 || ^4

  '@esbuild/aix-ppc64@0.27.3':
    resolution: {integrity: sha512-9fJMTNFTWZMh5qwrBItuziu834eOCUcEqymSH7pY+zoMVEZg3gcPuBNxH1EvfVYe9h0x/Ptw8KBzv7qxb7l8dg==}
    engines: {node: '>=18'}
    cpu: [ppc64]
    os: [aix]

  '@esbuild/android-arm64@0.27.3':
    resolution: {integrity: sha512-YdghPYUmj/FX2SYKJ0OZxf+iaKgMsKHVPF1MAq/P8WirnSpCStzKJFjOjzsW0QQ7oIAiccHdcqjbHmJxRb/dmg==}
    engines: {node: '>=18'}
    cpu: [arm64]
    os: [android]

  '@esbuild/android-arm@0.27.3':
    resolution: {integrity: sha512-i5D1hPY7GIQmXlXhs2w8AWHhenb00+GxjxRncS2ZM7YNVGNfaMxgzSGuO8o8SJzRc/oZwU2bcScvVERk03QhzA==}
    engines: {node: '>=18'}
    cpu: [arm]
    os: [android]

  '@esbuild/android-x64@0.27.3':
    resolution: {integrity: sha512-IN/0BNTkHtk8lkOM8JWAYFg4ORxBkZQf9zXiEOfERX/CzxW3Vg1ewAhU7QSWQpVIzTW+b8Xy+lGzdYXV6UZObQ==}
    engines: {node: '>=18'}
    cpu: [x64]
    os: [android]

  '@esbuild/darwin-arm64@0.27.3':
    resolution: {integrity: sha512-Re491k7ByTVRy0t3EKWajdLIr0gz2kKKfzafkth4Q8A5n1xTHrkqZgLLjFEHVD+AXdUGgQMq+Godfq45mGpCKg==}
    engines: {node: '>=18'}
    cpu: [arm64]
    os: [darwin]

  '@esbuild/darwin-x64@0.27.3':
    resolution: {integrity: sha512-vHk/hA7/1AckjGzRqi6wbo+jaShzRowYip6rt6q7VYEDX4LEy1pZfDpdxCBnGtl+A5zq8iXDcyuxwtv3hNtHFg==}
    engines: {node: '>=18'}
    cpu: [x64]
    os: [darwin]

  '@esbuild/freebsd-arm64@0.27.3':
    resolution: {integrity: sha512-ipTYM2fjt3kQAYOvo6vcxJx3nBYAzPjgTCk7QEgZG8AUO3ydUhvelmhrbOheMnGOlaSFUoHXB6un+A7q4ygY9w==}
    engines: {node: '>=18'}
    cpu: [arm64]
    os: [freebsd]

  '@esbuild/freebsd-x64@0.27.3':
    resolution: {integrity: sha512-dDk0X87T7mI6U3K9VjWtHOXqwAMJBNN2r7bejDsc+j03SEjtD9HrOl8gVFByeM0aJksoUuUVU9TBaZa2rgj0oA==}
    engines: {node: '>=18'}
    cpu: [x64]
    os: [freebsd]

  '@esbuild/linux-arm64@0.27.3':
    resolution: {integrity: sha512-sZOuFz/xWnZ4KH3YfFrKCf1WyPZHakVzTiqji3WDc0BCl2kBwiJLCXpzLzUBLgmp4veFZdvN5ChW4Eq/8Fc2Fg==}
    engines: {node: '>=18'}
    cpu: [arm64]
    os: [linux]

  '@esbuild/linux-arm@0.27.3':
    resolution: {integrity: sha512-s6nPv2QkSupJwLYyfS+gwdirm0ukyTFNl3KTgZEAiJDd+iHZcbTPPcWCcRYH+WlNbwChgH2QkE9NSlNrMT8Gfw==}
    engines: {node: '>=18'}
    cpu: [arm]
    os: [linux]

  '@esbuild/linux-ia32@0.27.3':
    resolution: {integrity: sha512-yGlQYjdxtLdh0a3jHjuwOrxQjOZYD/C9PfdbgJJF3TIZWnm/tMd/RcNiLngiu4iwcBAOezdnSLAwQDPqTmtTYg==}
    engines: {node: '>=18'}
    cpu: [ia32]
    os: [linux]

  '@esbuild/linux-loong64@0.27.3':
    resolution: {integrity: sha512-WO60Sn8ly3gtzhyjATDgieJNet/KqsDlX5nRC5Y3oTFcS1l0KWba+SEa9Ja1GfDqSF1z6hif/SkpQJbL63cgOA==}
    engines: {node: '>=18'}
    cpu: [loong64]
    os: [linux]

  '@esbuild/linux-mips64el@0.27.3':
    resolution: {integrity: sha512-APsymYA6sGcZ4pD6k+UxbDjOFSvPWyZhjaiPyl/f79xKxwTnrn5QUnXR5prvetuaSMsb4jgeHewIDCIWljrSxw==}
    engines: {node: '>=18'}
    cpu: [mips64el]
    os: [linux]

  '@esbuild/linux-ppc64@0.27.3':
    resolution: {integrity: sha512-eizBnTeBefojtDb9nSh4vvVQ3V9Qf9Df01PfawPcRzJH4gFSgrObw+LveUyDoKU3kxi5+9RJTCWlj4FjYXVPEA==}
    engines: {node: '>=18'}
    cpu: [ppc64]
    os: [linux]

  '@esbuild/linux-riscv64@0.27.3':
    resolution: {integrity: sha512-3Emwh0r5wmfm3ssTWRQSyVhbOHvqegUDRd0WhmXKX2mkHJe1SFCMJhagUleMq+Uci34wLSipf8Lagt4LlpRFWQ==}
    engines: {node: '>=18'}
    cpu: [riscv64]
    os: [linux]

  '@esbuild/linux-s390x@0.27.3':
    resolution: {integrity: sha512-pBHUx9LzXWBc7MFIEEL0yD/ZVtNgLytvx60gES28GcWMqil8ElCYR4kvbV2BDqsHOvVDRrOxGySBM9Fcv744hw==}
    engines: {node: '>=18'}
    cpu: [s390x]
    os: [linux]

  '@esbuild/linux-x64@0.27.3':
    resolution: {integrity: sha512-Czi8yzXUWIQYAtL/2y6vogER8pvcsOsk5cpwL4Gk5nJqH5UZiVByIY8Eorm5R13gq+DQKYg0+JyQoytLQas4dA==}
    engines: {node: '>=18'}
    cpu: [x64]
    os: [linux]

  '@esbuild/netbsd-arm64@0.27.3':
    resolution: {integrity: sha512-sDpk0RgmTCR/5HguIZa9n9u+HVKf40fbEUt+iTzSnCaGvY9kFP0YKBWZtJaraonFnqef5SlJ8/TiPAxzyS+UoA==}
    engines: {node: '>=18'}
    cpu: [arm64]
    os: [netbsd]

  '@esbuild/netbsd-x64@0.27.3':
    resolution: {integrity: sha512-P14lFKJl/DdaE00LItAukUdZO5iqNH7+PjoBm+fLQjtxfcfFE20Xf5CrLsmZdq5LFFZzb5JMZ9grUwvtVYzjiA==}
    engines: {node: '>=18'}
    cpu: [x64]
    os: [netbsd]

  '@esbuild/openbsd-arm64@0.27.3':
    resolution: {integrity: sha512-AIcMP77AvirGbRl/UZFTq5hjXK+2wC7qFRGoHSDrZ5v5b8DK/GYpXW3CPRL53NkvDqb9D+alBiC/dV0Fb7eJcw==}
    engines: {node: '>=18'}
    cpu: [arm64]
    os: [openbsd]

  '@esbuild/openbsd-x64@0.27.3':
    resolution: {integrity: sha512-DnW2sRrBzA+YnE70LKqnM3P+z8vehfJWHXECbwBmH/CU51z6FiqTQTHFenPlHmo3a8UgpLyH3PT+87OViOh1AQ==}
    engines: {node: '>=18'}
    cpu: [x64]
    os: [openbsd]

  '@esbuild/openharmony-arm64@0.27.3':
    resolution: {integrity: sha512-NinAEgr/etERPTsZJ7aEZQvvg/A6IsZG/LgZy+81wON2huV7SrK3e63dU0XhyZP4RKGyTm7aOgmQk0bGp0fy2g==}
    engines: {node: '>=18'}
    cpu: [arm64]
    os: [openharmony]

  '@esbuild/sunos-x64@0.27.3':
    resolution: {integrity: sha512-PanZ+nEz+eWoBJ8/f8HKxTTD172SKwdXebZ0ndd953gt1HRBbhMsaNqjTyYLGLPdoWHy4zLU7bDVJztF5f3BHA==}
    engines: {node: '>=18'}
    cpu: [x64]
    os: [sunos]

  '@esbuild/win32-arm64@0.27.3':
    resolution: {integrity: sha512-B2t59lWWYrbRDw/tjiWOuzSsFh1Y/E95ofKz7rIVYSQkUYBjfSgf6oeYPNWHToFRr2zx52JKApIcAS/D5TUBnA==}
    engines: {node: '>=18'}
    cpu: [arm64]
    os: [win32]

  '@esbuild/win32-ia32@0.27.3':
    resolution: {integrity: sha512-QLKSFeXNS8+tHW7tZpMtjlNb7HKau0QDpwm49u0vUp9y1WOF+PEzkU84y9GqYaAVW8aH8f3GcBck26jh54cX4Q==}
    engines: {node: '>=18'}
    cpu: [ia32]
    os: [win32]

  '@esbuild/win32-x64@0.27.3':
    resolution: {integrity: sha512-4uJGhsxuptu3OcpVAzli+/gWusVGwZZHTlS63hh++ehExkVT8SgiEf7/uC/PclrPPkLhZqGgCTjd0VWLo6xMqA==}
    engines: {node: '>=18'}
    cpu: [x64]
    os: [win32]

  '@harperfast/extended-iterable@1.0.3':
    resolution: {integrity: sha512-sSAYhQca3rDWtQUHSAPeO7axFIUJOI6hn1gjRC5APVE1a90tuyT8f5WIgRsFhhWA7htNkju2veB9eWL6YHi/Lw==}

  '@lmdb/lmdb-darwin-arm64@3.5.1':
    resolution: {integrity: sha512-tpfN4kKrrMpQ+If1l8bhmoNkECJi0iOu6AEdrTJvWVC+32sLxTARX5Rsu579mPImRP9YFWfWgeRQ5oav7zApQQ==}
    cpu: [arm64]
    os: [darwin]

  '@lmdb/lmdb-darwin-x64@3.5.1':
    resolution: {integrity: sha512-+a2tTfc3rmWhLAolFUWRgJtpSuu+Fw/yjn4rF406NMxhfjbMuiOUTDRvRlMFV+DzyjkwnokisskHbCWkS3Ly5w==}
    cpu: [x64]
    os: [darwin]

  '@lmdb/lmdb-linux-arm64@3.5.1':
    resolution: {integrity: sha512-aoERa5B6ywXdyFeYGQ1gbQpkMkDbEo45qVoXE5QpIRavqjnyPwjOulMkmkypkmsbJ5z4Wi0TBztON8agCTG0Vg==}
    cpu: [arm64]
    os: [linux]

  '@lmdb/lmdb-linux-arm@3.5.1':
    resolution: {integrity: sha512-0EgcE6reYr8InjD7V37EgXcYrloqpxVPINy3ig1MwDSbl6LF/vXTYRH9OE1Ti1D8YZnB35ZH9aTcdfSb5lql2A==}
    cpu: [arm]
    os: [linux]

  '@lmdb/lmdb-linux-x64@3.5.1':
    resolution: {integrity: sha512-SqNDY1+vpji7bh0sFH5wlWyFTOzjbDOl0/kB5RLLYDAFyd/uw3n7wyrmas3rYPpAW7z18lMOi1yKlTPv967E3g==}
    cpu: [x64]
    os: [linux]

  '@lmdb/lmdb-win32-arm64@3.5.1':
    resolution: {integrity: sha512-50v0O1Lt37cwrmR9vWZK5hRW0Aw+KEmxJJ75fge/zIYdvNKB/0bSMSVR5Uc2OV9JhosIUyklOmrEvavwNJ8D6w==}
    cpu: [arm64]
    os: [win32]

  '@lmdb/lmdb-win32-x64@3.5.1':
    resolution: {integrity: sha512-qwosvPyl+zpUlp3gRb7UcJ3H8S28XHCzkv0Y0EgQToXjQP91ZD67EHSCDmaLjtKhe+GVIW5om1KUpzVLA0l6pg==}
    cpu: [x64]
    os: [win32]

  '@microsoft/fetch-event-source@2.0.1':
    resolution: {integrity: sha512-W6CLUJ2eBMw3Rec70qrsEW0jOm/3twwJv21mrmj2yORiaVmVYGS4sSS5yUwvQc1ZlDLYGPnClVWmUUMagKNsfA==}

  '@msgpackr-extract/msgpackr-extract-darwin-arm64@3.0.3':
    resolution: {integrity: sha512-QZHtlVgbAdy2zAqNA9Gu1UpIuI8Xvsd1v8ic6B2pZmeFnFcMWiPLfWXh7TVw4eGEZ/C9TH281KwhVoeQUKbyjw==}
    cpu: [arm64]
    os: [darwin]

  '@msgpackr-extract/msgpackr-extract-darwin-x64@3.0.3':
    resolution: {integrity: sha512-mdzd3AVzYKuUmiWOQ8GNhl64/IoFGol569zNRdkLReh6LRLHOXxU4U8eq0JwaD8iFHdVGqSy4IjFL4reoWCDFw==}
    cpu: [x64]
    os: [darwin]

  '@msgpackr-extract/msgpackr-extract-linux-arm64@3.0.3':
    resolution: {integrity: sha512-YxQL+ax0XqBJDZiKimS2XQaf+2wDGVa1enVRGzEvLLVFeqa5kx2bWbtcSXgsxjQB7nRqqIGFIcLteF/sHeVtQg==}
    cpu: [arm64]
    os: [linux]

  '@msgpackr-extract/msgpackr-extract-linux-arm@3.0.3':
    resolution: {integrity: sha512-fg0uy/dG/nZEXfYilKoRe7yALaNmHoYeIoJuJ7KJ+YyU2bvY8vPv27f7UKhGRpY6euFYqEVhxCFZgAUNQBM3nw==}
    cpu: [arm]
    os: [linux]

  '@msgpackr-extract/msgpackr-extract-linux-x64@3.0.3':
    resolution: {integrity: sha512-cvwNfbP07pKUfq1uH+S6KJ7dT9K8WOE4ZiAcsrSes+UY55E/0jLYc+vq+DO7jlmqRb5zAggExKm0H7O/CBaesg==}
    cpu: [x64]
    os: [linux]

  '@msgpackr-extract/msgpackr-extract-win32-x64@3.0.3':
    resolution: {integrity: sha512-x0fWaQtYp4E6sktbsdAqnehxDgEc/VwM7uLsRCYWaiGu0ykYdZPiS8zCWdnjHwyiumousxfBm4SO31eXqwEZhQ==}
    cpu: [x64]
    os: [win32]

  '@neophi/sieve-cache@1.5.0':
    resolution: {integrity: sha512-9T3nD5q51X1d4QYW6vouKW9hBSb2Tb/wB/2XoTr4oP5SCGtp3a7aTHHewQFylred1B21/Bhev6gy4x01FPBcbQ==}
    engines: {node: '>=18'}

  '@standard-schema/spec@1.1.0':
    resolution: {integrity: sha512-l2aFy5jALhniG5HgqrD6jXLi/rUWrKvqN/qJx6yoJsgKhblVd+iqqU4RCXavm/jPityDo5TCvKMnpjKnOriy0w==}

  '@tanstack/db-ivm@0.1.17':
    resolution: {integrity: sha512-DK7vm56CDxNuRAdsbiPs+gITJ+16tUtYgZg3BRTLYKGIDsy8sdIO7sQFq5zl7Y+aIKAPmMAbVp9UjJ75FTtwgQ==}
    peerDependencies:
      typescript: '>=4.7'

  '@tanstack/db@0.5.30':
    resolution: {integrity: sha512-kgBbmGrWSrDdKPzl465OEGy2Epyc6HsoI2U/jUrMSHuGgUEtgowpnBCTyPJCGBrHL8+bYgASFV4ULsFn4L6pLg==}
    peerDependencies:
      typescript: '>=4.7'

  '@tanstack/pacer-lite@0.2.1':
    resolution: {integrity: sha512-3PouiFjR4B6x1c969/Pl4ZIJleof1M0n6fNX8NRiC9Sqv1g06CVDlEaXUR4212ycGFyfq4q+t8Gi37Xy+z34iQ==}
    engines: {node: '>=18'}

  '@types/node@22.19.13':
    resolution: {integrity: sha512-akNQMv0wW5uyRpD2v2IEyRSZiR+BeGuoB6L310EgGObO44HSMNT8z1xzio28V8qOrgYaopIDNA18YgdXd+qTiw==}

  colorette@2.0.20:
    resolution: {integrity: sha512-IfEDxwoWIjkeXL1eXcDiow4UbKjhLdq6/EuSVR9GMN7KVH3r9gQ83e73hsz1Nd1T3ijd5xv1wcWRYO+D6kCI2w==}

  detect-libc@2.1.2:
    resolution: {integrity: sha512-Btj2BOOO83o3WyH59e8MgXsxEQVcarkUOpEYrubB0urwnN10yQ364rsiByU11nZlqWYZm05i/of7io4mzihBtQ==}
    engines: {node: '>=8'}

  effection@https://pkg.pr.new/thefrontside/effection@1127:
    resolution: {tarball: https://pkg.pr.new/thefrontside/effection@1127}
    version: 4.1.0-alpha.5-pr
    engines: {node: '>= 16'}

  esbuild@0.27.3:
    resolution: {integrity: sha512-8VwMnyGCONIs6cWue2IdpHxHnAjzxnw2Zr7MkVxB2vjmQ2ivqGFb4LEG3SMnv0Gb2F/G/2yA8zUaiL1gywDCCg==}
    engines: {node: '>=18'}
    hasBin: true

  fastq@1.20.1:
    resolution: {integrity: sha512-GGToxJ/w1x32s/D2EKND7kTil4n8OVk/9mycTc4VDza13lOvpUZTGX3mFSCtV9ksdGBVzvsyAVLM6mHFThxXxw==}

  fractional-indexing@3.2.0:
    resolution: {integrity: sha512-PcOxmqwYCW7O2ovKRU8OoQQj2yqTfEB/yeTYk4gPid6dN5ODRfU1hXd9tTVZzax/0NkO7AxpHykvZnT1aYp/BQ==}
    engines: {node: ^14.13.1 || >=16.0.0}

  fsevents@2.3.3:
    resolution: {integrity: sha512-5xoDfX+fL7faATnagmWPpbFtwh/R77WmMMqqHGS65C3vvB0YHrgF+B1YmZ3441tMj5n63k0212XNoJwzlhffQw==}
    engines: {node: ^8.16.0 || ^10.6.0 || >=11.0.0}
    os: [darwin]

  get-tsconfig@4.13.6:
    resolution: {integrity: sha512-shZT/QMiSHc/YBLxxOkMtgSid5HFoauqCE3/exfsEcwg1WkeqjG+V40yBbBrsD+jW2HDXcs28xOfcbm2jI8Ddw==}

  json-colorizer@3.0.1:
    resolution: {integrity: sha512-4YyRAbD6eHeRnJD9vo0zjiU5fyY9QR6T+iYuH5DpO0XPThKWozpD4MaeY/8nLZIkHC3yEQMFLL+6P94E+JekDw==}

  json-stringify-pretty-compact@4.0.0:
    resolution: {integrity: sha512-3CNZ2DnrpByG9Nqj6Xo8vqbjT4F6N+tb4Gb28ESAZjYZ5yqvmc56J+/kuIwkaAMOyblTQhUW7PxMkUb8Q36N3Q==}

  lmdb@3.5.1:
    resolution: {integrity: sha512-NYHA0MRPjvNX+vSw8Xxg6FLKxzAG+e7Pt8RqAQA/EehzHVXq9SxDqJIN3JL1hK0dweb884y8kIh6rkWvPyg9Wg==}
    hasBin: true

  msgpackr-extract@3.0.3:
    resolution: {integrity: sha512-P0efT1C9jIdVRefqjzOQ9Xml57zpOXnIuS+csaB4MdZbTdmGDLo8XhzBG1N7aO11gKDDkJvBLULeFTo46wwreA==}
    hasBin: true

  msgpackr@1.11.8:
    resolution: {integrity: sha512-bC4UGzHhVvgDNS7kn9tV8fAucIYUBuGojcaLiz7v+P63Lmtm0Xeji8B/8tYKddALXxJLpwIeBmUN3u64C4YkRA==}

  node-addon-api@6.1.0:
    resolution: {integrity: sha512-+eawOlIgy680F0kBzPUNFhMZGtJ1YmqM6l4+Crf4IkImjYrO/mqPwRMh352g23uIaQKFItcQ64I7KMaJxHgAVA==}

  node-gyp-build-optional-packages@5.2.2:
    resolution: {integrity: sha512-s+w+rBWnpTMwSFbaE0UXsRlg7hU4FjekKU4eyAih5T8nJuNZT1nNsskXpxmeqSK9UzkBl6UgRlnKc8hz8IEqOw==}
    hasBin: true

  ordered-binary@1.6.1:
    resolution: {integrity: sha512-QkCdPooczexPLiXIrbVOPYkR3VO3T6v2OyKRkR1Xbhpy7/LAVXwahnRCgRp78Oe/Ehf0C/HATAxfSr6eA1oX+w==}

  resolve-pkg-maps@1.0.0:
    resolution: {integrity: sha512-seS2Tj26TBVOC2NIc2rOe2y2ZO7efxITtLZcGSOnHHNOQ7CkiUBfw0Iw2ck6xkIhPwLhKNLS8BO+hEpngQlqzw==}

  reusify@1.1.0:
    resolution: {integrity: sha512-g6QUff04oZpHs0eG5p83rFLhHeV00ug/Yf9nZM6fLeUrPguBTkTQOdpAWWspMh55TZfVQDPaN3NQJfbVRAxdIw==}
    engines: {iojs: '>=1.0.0', node: '>=0.10.0'}

  sorted-btree@1.8.1:
    resolution: {integrity: sha512-395+XIP+wqNn3USkFSrNz7G3Ss/MXlZEqesxvzCRFwL14h6e8LukDHdLBePn5pwbm5OQ9vGu8mDyz2lLDIqamQ==}

  tsx@4.21.0:
    resolution: {integrity: sha512-5C1sg4USs1lfG0GFb2RLXsdpXqBSEhAaA/0kPL01wxzpMqLILNxIxIOKiILz+cdg/pLnOUxFYOR5yhHU666wbw==}
    engines: {node: '>=18.0.0'}
    hasBin: true

  typescript@5.9.3:
    resolution: {integrity: sha512-jl1vZzPDinLr9eUt3J/t7V6FgNEw9QjvBPdysz9KfQDD41fQrC2Y4vKQdiaUpFT4bXlb1RHhLpp8wtm6M5TgSw==}
    engines: {node: '>=14.17'}
    hasBin: true

  undici-types@6.21.0:
    resolution: {integrity: sha512-iwDZqg0QAGrg9Rav5H4n0M64c3mkR59cJ6wQp+7C4nI0gsmExaedaYLNO44eT4AtBBwjbTiGPMlt2Md0T9H9JQ==}

  weak-lru-cache@1.2.2:
    resolution: {integrity: sha512-DEAoo25RfSYMuTGc9vPJzZcZullwIqRDSI9LOy+fkCJPi6hykCnfKaXTuPBDuXAUcqHXyOgFtHNp/kB2FjYHbw==}

snapshots:

  '@durable-streams/client@0.2.1':
    dependencies:
      '@microsoft/fetch-event-source': 2.0.1
      fastq: 1.20.1

  '@durable-streams/server@0.2.1(@tanstack/db@0.5.30(typescript@5.9.3))':
    dependencies:
      '@durable-streams/client': 0.2.1
      '@durable-streams/state': 0.2.1(@tanstack/db@0.5.30(typescript@5.9.3))
      '@neophi/sieve-cache': 1.5.0
      lmdb: 3.5.1
    transitivePeerDependencies:
      - '@tanstack/db'

  '@durable-streams/state@0.2.1(@tanstack/db@0.5.30(typescript@5.9.3))':
    dependencies:
      '@durable-streams/client': 0.2.1
      '@standard-schema/spec': 1.1.0
      '@tanstack/db': 0.5.30(typescript@5.9.3)

  '@effectionx/durably@https://pkg.pr.new/thefrontside/effectionx/@effectionx/durably@171(@durable-streams/client@0.2.1)(effection@https://pkg.pr.new/thefrontside/effection@1127)':
    dependencies:
      effection: https://pkg.pr.new/thefrontside/effection@1127
    optionalDependencies:
      '@durable-streams/client': 0.2.1

  '@effectionx/node@0.2.2(effection@https://pkg.pr.new/thefrontside/effection@1127)':
    dependencies:
      effection: https://pkg.pr.new/thefrontside/effection@1127

  '@esbuild/aix-ppc64@0.27.3':
    optional: true

  '@esbuild/android-arm64@0.27.3':
    optional: true

  '@esbuild/android-arm@0.27.3':
    optional: true

  '@esbuild/android-x64@0.27.3':
    optional: true

  '@esbuild/darwin-arm64@0.27.3':
    optional: true

  '@esbuild/darwin-x64@0.27.3':
    optional: true

  '@esbuild/freebsd-arm64@0.27.3':
    optional: true

  '@esbuild/freebsd-x64@0.27.3':
    optional: true

  '@esbuild/linux-arm64@0.27.3':
    optional: true

  '@esbuild/linux-arm@0.27.3':
    optional: true

  '@esbuild/linux-ia32@0.27.3':
    optional: true

  '@esbuild/linux-loong64@0.27.3':
    optional: true

  '@esbuild/linux-mips64el@0.27.3':
    optional: true

  '@esbuild/linux-ppc64@0.27.3':
    optional: true

  '@esbuild/linux-riscv64@0.27.3':
    optional: true

  '@esbuild/linux-s390x@0.27.3':
    optional: true

  '@esbuild/linux-x64@0.27.3':
    optional: true

  '@esbuild/netbsd-arm64@0.27.3':
    optional: true

  '@esbuild/netbsd-x64@0.27.3':
    optional: true

  '@esbuild/openbsd-arm64@0.27.3':
    optional: true

  '@esbuild/openbsd-x64@0.27.3':
    optional: true

  '@esbuild/openharmony-arm64@0.27.3':
    optional: true

  '@esbuild/sunos-x64@0.27.3':
    optional: true

  '@esbuild/win32-arm64@0.27.3':
    optional: true

  '@esbuild/win32-ia32@0.27.3':
    optional: true

  '@esbuild/win32-x64@0.27.3':
    optional: true

  '@harperfast/extended-iterable@1.0.3': {}

  '@lmdb/lmdb-darwin-arm64@3.5.1':
    optional: true

  '@lmdb/lmdb-darwin-x64@3.5.1':
    optional: true

  '@lmdb/lmdb-linux-arm64@3.5.1':
    optional: true

  '@lmdb/lmdb-linux-arm@3.5.1':
    optional: true

  '@lmdb/lmdb-linux-x64@3.5.1':
    optional: true

  '@lmdb/lmdb-win32-arm64@3.5.1':
    optional: true

  '@lmdb/lmdb-win32-x64@3.5.1':
    optional: true

  '@microsoft/fetch-event-source@2.0.1': {}

  '@msgpackr-extract/msgpackr-extract-darwin-arm64@3.0.3':
    optional: true

  '@msgpackr-extract/msgpackr-extract-darwin-x64@3.0.3':
    optional: true

  '@msgpackr-extract/msgpackr-extract-linux-arm64@3.0.3':
    optional: true

  '@msgpackr-extract/msgpackr-extract-linux-arm@3.0.3':
    optional: true

  '@msgpackr-extract/msgpackr-extract-linux-x64@3.0.3':
    optional: true

  '@msgpackr-extract/msgpackr-extract-win32-x64@3.0.3':
    optional: true

  '@neophi/sieve-cache@1.5.0': {}

  '@standard-schema/spec@1.1.0': {}

  '@tanstack/db-ivm@0.1.17(typescript@5.9.3)':
    dependencies:
      fractional-indexing: 3.2.0
      sorted-btree: 1.8.1
      typescript: 5.9.3

  '@tanstack/db@0.5.30(typescript@5.9.3)':
    dependencies:
      '@standard-schema/spec': 1.1.0
      '@tanstack/db-ivm': 0.1.17(typescript@5.9.3)
      '@tanstack/pacer-lite': 0.2.1
      typescript: 5.9.3

  '@tanstack/pacer-lite@0.2.1': {}

  '@types/node@22.19.13':
    dependencies:
      undici-types: 6.21.0

  colorette@2.0.20: {}

  detect-libc@2.1.2: {}

  effection@https://pkg.pr.new/thefrontside/effection@1127: {}

  esbuild@0.27.3:
    optionalDependencies:
      '@esbuild/aix-ppc64': 0.27.3
      '@esbuild/android-arm': 0.27.3
      '@esbuild/android-arm64': 0.27.3
      '@esbuild/android-x64': 0.27.3
      '@esbuild/darwin-arm64': 0.27.3
      '@esbuild/darwin-x64': 0.27.3
      '@esbuild/freebsd-arm64': 0.27.3
      '@esbuild/freebsd-x64': 0.27.3
      '@esbuild/linux-arm': 0.27.3
      '@esbuild/linux-arm64': 0.27.3
      '@esbuild/linux-ia32': 0.27.3
      '@esbuild/linux-loong64': 0.27.3
      '@esbuild/linux-mips64el': 0.27.3
      '@esbuild/linux-ppc64': 0.27.3
      '@esbuild/linux-riscv64': 0.27.3
      '@esbuild/linux-s390x': 0.27.3
      '@esbuild/linux-x64': 0.27.3
      '@esbuild/netbsd-arm64': 0.27.3
      '@esbuild/netbsd-x64': 0.27.3
      '@esbuild/openbsd-arm64': 0.27.3
      '@esbuild/openbsd-x64': 0.27.3
      '@esbuild/openharmony-arm64': 0.27.3
      '@esbuild/sunos-x64': 0.27.3
      '@esbuild/win32-arm64': 0.27.3
      '@esbuild/win32-ia32': 0.27.3
      '@esbuild/win32-x64': 0.27.3

  fastq@1.20.1:
    dependencies:
      reusify: 1.1.0

  fractional-indexing@3.2.0: {}

  fsevents@2.3.3:
    optional: true

  get-tsconfig@4.13.6:
    dependencies:
      resolve-pkg-maps: 1.0.0

  json-colorizer@3.0.1:
    dependencies:
      colorette: 2.0.20

  json-stringify-pretty-compact@4.0.0: {}

  lmdb@3.5.1:
    dependencies:
      '@harperfast/extended-iterable': 1.0.3
      msgpackr: 1.11.8
      node-addon-api: 6.1.0
      node-gyp-build-optional-packages: 5.2.2
      ordered-binary: 1.6.1
      weak-lru-cache: 1.2.2
    optionalDependencies:
      '@lmdb/lmdb-darwin-arm64': 3.5.1
      '@lmdb/lmdb-darwin-x64': 3.5.1
      '@lmdb/lmdb-linux-arm': 3.5.1
      '@lmdb/lmdb-linux-arm64': 3.5.1
      '@lmdb/lmdb-linux-x64': 3.5.1
      '@lmdb/lmdb-win32-arm64': 3.5.1
      '@lmdb/lmdb-win32-x64': 3.5.1

  msgpackr-extract@3.0.3:
    dependencies:
      node-gyp-build-optional-packages: 5.2.2
    optionalDependencies:
      '@msgpackr-extract/msgpackr-extract-darwin-arm64': 3.0.3
      '@msgpackr-extract/msgpackr-extract-darwin-x64': 3.0.3
      '@msgpackr-extract/msgpackr-extract-linux-arm': 3.0.3
      '@msgpackr-extract/msgpackr-extract-linux-arm64': 3.0.3
      '@msgpackr-extract/msgpackr-extract-linux-x64': 3.0.3
      '@msgpackr-extract/msgpackr-extract-win32-x64': 3.0.3
    optional: true

  msgpackr@1.11.8:
    optionalDependencies:
      msgpackr-extract: 3.0.3

  node-addon-api@6.1.0: {}

  node-gyp-build-optional-packages@5.2.2:
    dependencies:
      detect-libc: 2.1.2

  ordered-binary@1.6.1: {}

  resolve-pkg-maps@1.0.0: {}

  reusify@1.1.0: {}

  sorted-btree@1.8.1: {}

  tsx@4.21.0:
    dependencies:
      esbuild: 0.27.3
      get-tsconfig: 4.13.6
    optionalDependencies:
      fsevents: 2.3.3

  typescript@5.9.3: {}

  undici-types@6.21.0: {}

  weak-lru-cache@1.2.2: {}
